{
  "version": 4,
  "terraform_version": "1.1.6",
  "serial": 40,
  "lineage": "3708cd78-42ee-efb1-3ee1-9204e91c8eda",
  "outputs": {},
  "resources": [
    {
      "mode": "managed",
      "type": "aws_eip",
      "name": "lb",
      "provider": "provider[\"registry.terraform.io/hashicorp/aws\"]",
      "instances": [
        {
          "schema_version": 0,
          "attributes": {
            "address": null,
            "allocation_id": "eipalloc-04f6d65d5f6638bb7",
            "associate_with_private_ip": null,
            "association_id": "eipassoc-035dc79e426886500",
            "carrier_ip": "",
            "customer_owned_ip": "",
            "customer_owned_ipv4_pool": "",
            "domain": "vpc",
            "id": "eipalloc-04f6d65d5f6638bb7",
            "instance": "i-0f947ecca107695be",
            "network_border_group": "ap-south-1",
            "network_interface": "eni-08c48db5f53ff0931",
            "private_dns": "ip-10-0-1-190.ap-south-1.compute.internal",
            "private_ip": "10.0.1.190",
            "public_dns": "ec2-3-111-152-219.ap-south-1.compute.amazonaws.com",
            "public_ip": "3.111.152.219",
            "public_ipv4_pool": "amazon",
            "tags": {},
            "tags_all": {},
            "timeouts": null,
            "vpc": true
          },
          "sensitive_attributes": [],
          "private": "eyJlMmJmYjczMC1lY2FhLTExZTYtOGY4OC0zNDM2M2JjN2M0YzAiOnsiZGVsZXRlIjoxODAwMDAwMDAwMDAsInJlYWQiOjkwMDAwMDAwMDAwMCwidXBkYXRlIjozMDAwMDAwMDAwMDB9fQ==",
          "dependencies": [
            "aws_instance.wipro-web",
            "aws_security_group.wipro-sg",
            "aws_subnet.wipro-publicsubnet",
            "aws_vpc.wipro-vpc"
          ]
        }
      ]
    },
    {
      "mode": "managed",
      "type": "aws_instance",
      "name": "wipro-web",
      "provider": "provider[\"registry.terraform.io/hashicorp/aws\"]",
      "instances": [
        {
          "schema_version": 1,
          "attributes": {
            "ami": "ami-0c6615d1e95c98aca",
            "arn": "arn:aws:ec2:ap-south-1:959925711418:instance/i-0f947ecca107695be",
            "associate_public_ip_address": true,
            "availability_zone": "ap-south-1b",
            "capacity_reservation_specification": [
              {
                "capacity_reservation_preference": "open",
                "capacity_reservation_target": []
              }
            ],
            "cpu_core_count": 1,
            "cpu_threads_per_core": 1,
            "credit_specification": [
              {
                "cpu_credits": "standard"
              }
            ],
            "disable_api_termination": false,
            "ebs_block_device": [],
            "ebs_optimized": false,
            "enclave_options": [
              {
                "enabled": false
              }
            ],
            "ephemeral_block_device": [],
            "get_password_data": false,
            "hibernation": false,
            "host_id": null,
            "iam_instance_profile": "",
            "id": "i-0f947ecca107695be",
            "instance_initiated_shutdown_behavior": "stop",
            "instance_state": "running",
            "instance_type": "t2.nano",
            "ipv6_address_count": 0,
            "ipv6_addresses": [],
            "key_name": "wipro-key",
            "launch_template": [],
            "metadata_options": [
              {
                "http_endpoint": "enabled",
                "http_put_response_hop_limit": 1,
                "http_tokens": "optional",
                "instance_metadata_tags": "disabled"
              }
            ],
            "monitoring": false,
            "network_interface": [],
            "outpost_arn": "",
            "password_data": "",
            "placement_group": "",
            "placement_partition_number": null,
            "primary_network_interface_id": "eni-08c48db5f53ff0931",
            "private_dns": "ip-10-0-1-190.ap-south-1.compute.internal",
            "private_ip": "10.0.1.190",
            "public_dns": "",
            "public_ip": "3.111.152.219",
            "root_block_device": [
              {
                "delete_on_termination": true,
                "device_name": "/dev/xvda",
                "encrypted": false,
                "iops": 100,
                "kms_key_id": "",
                "tags": {},
                "throughput": 0,
                "volume_id": "vol-01731b551b2e0199b",
                "volume_size": 8,
                "volume_type": "gp2"
              }
            ],
            "secondary_private_ips": [],
            "security_groups": [],
            "source_dest_check": true,
            "subnet_id": "subnet-0cf965a9c9eaa12a2",
            "tags": {
              "Name": "WebServer"
            },
            "tags_all": {
              "Name": "WebServer"
            },
            "tenancy": "default",
            "timeouts": null,
            "user_data": null,
            "user_data_base64": null,
            "volume_tags": null,
            "vpc_security_group_ids": [
              "sg-08dbf708409ff38f2"
            ]
          },
          "sensitive_attributes": [],
          "private": "eyJlMmJmYjczMC1lY2FhLTExZTYtOGY4OC0zNDM2M2JjN2M0YzAiOnsiY3JlYXRlIjo2MDAwMDAwMDAwMDAsImRlbGV0ZSI6MTIwMDAwMDAwMDAwMCwidXBkYXRlIjo2MDAwMDAwMDAwMDB9LCJzY2hlbWFfdmVyc2lvbiI6IjEifQ==",
          "dependencies": [
            "aws_security_group.wipro-sg",
            "aws_subnet.wipro-publicsubnet"
          ]
        }
      ]
    },
    {
      "mode": "managed",
      "type": "aws_internet_gateway",
      "name": "wipro-igw",
      "provider": "provider[\"registry.terraform.io/hashicorp/aws\"]",
      "instances": [
        {
          "schema_version": 0,
          "attributes": {
            "arn": "arn:aws:ec2:ap-south-1:959925711418:internet-gateway/igw-07ba0be8ec997bb90",
            "id": "igw-07ba0be8ec997bb90",
            "owner_id": "959925711418",
            "tags": {
              "Name": "wipro-igw"
            },
            "tags_all": {
              "Name": "wipro-igw"
            },
            "vpc_id": "vpc-04675ea94e0d0572f"
          },
          "sensitive_attributes": [],
          "private": "bnVsbA==",
          "dependencies": [
            "aws_vpc.wipro-vpc"
          ]
        }
      ]
    },
    {
      "mode": "managed",
      "type": "aws_key_pair",
      "name": "wipro-key",
      "provider": "provider[\"registry.terraform.io/hashicorp/aws\"]",
      "instances": [
        {
          "schema_version": 1,
          "attributes": {
            "arn": "arn:aws:ec2:ap-south-1:959925711418:key-pair/wipro-key",
            "fingerprint": "c1:b2:06:cf:85:a6:cf:81:c5:18:6e:f5:67:92:e2:a3",
            "id": "wipro-key",
            "key_name": "wipro-key",
            "key_name_prefix": "",
            "key_pair_id": "key-064f771b7841bc300",
            "public_key": "ssh-rsa AAAAB3NzaC1yc2EAAAADAQABAAABgQC+Y1/R0Ao5wnl/3R915kZOk6efi+iECyBAG8htGiwd5HxcEG/4zPR8XBRVzKIk3sZYOLZIs8qChtUGDBMVcjq4RaA4o04gZtazFQ6ZEKQg645XmH/rErXycHhH0bEJFY5Gwr9c5a6UkkUvM0Xj5gF0IwEaPuhMYm95RqTNOa5b9hAv3sNXFwkl4nj1ksg5vGMqnrvEKq1arprZLJFfT5hqTqRmYYD4V+j5KxMWb4+wo75HOOV+fBNRAcRV6V4sTk1vHW6kzwNfc1Z4KgTGMKOuApYZjkAZdlykUSPnfCrA+L8TqZWggDn5OikQh1X9XPEZsy7um/p0Ky0p2a5KGqwGlugP9AtctQTYNjfP1bvtpy4VFzlOgBhA1kQzDUXnoCCynUypIltv+SRvWzM1wLBEcgf59McaYtI1z8ENzgAZao3V49OFNPTMU9V5dBowDNZyUtXDDt/79LUPYbOnm/m0PDsDB4MyaTvDrJrdsW31FmTYe0qKghtt0wNwQJoiH/c= administrator@DESKTOP-RLA0UNQ",
            "tags": {},
            "tags_all": {}
          },
          "sensitive_attributes": [],
          "private": "eyJzY2hlbWFfdmVyc2lvbiI6IjEifQ=="
        }
      ]
    },
    {
      "mode": "managed",
      "type": "aws_route_table",
      "name": "wipro-rt-public",
      "provider": "provider[\"registry.terraform.io/hashicorp/aws\"]",
      "instances": [
        {
          "schema_version": 0,
          "attributes": {
            "arn": "arn:aws:ec2:ap-south-1:959925711418:route-table/rtb-0ed41ee17c43d9a38",
            "id": "rtb-0ed41ee17c43d9a38",
            "owner_id": "959925711418",
            "propagating_vgws": [],
            "route": [
              {
                "carrier_gateway_id": "",
                "cidr_block": "0.0.0.0/0",
                "destination_prefix_list_id": "",
                "egress_only_gateway_id": "",
                "gateway_id": "igw-07ba0be8ec997bb90",
                "instance_id": "",
                "ipv6_cidr_block": "",
                "local_gateway_id": "",
                "nat_gateway_id": "",
                "network_interface_id": "",
                "transit_gateway_id": "",
                "vpc_endpoint_id": "",
                "vpc_peering_connection_id": ""
              }
            ],
            "tags": {
              "Name": "wipro-rt"
            },
            "tags_all": {
              "Name": "wipro-rt"
            },
            "timeouts": null,
            "vpc_id": "vpc-04675ea94e0d0572f"
          },
          "sensitive_attributes": [],
          "private": "eyJlMmJmYjczMC1lY2FhLTExZTYtOGY4OC0zNDM2M2JjN2M0YzAiOnsiY3JlYXRlIjozMDAwMDAwMDAwMDAsImRlbGV0ZSI6MzAwMDAwMDAwMDAwLCJ1cGRhdGUiOjEyMDAwMDAwMDAwMH19",
          "dependencies": [
            "aws_internet_gateway.wipro-igw",
            "aws_vpc.wipro-vpc"
          ]
        }
      ]
    },
    {
      "mode": "managed",
      "type": "aws_route_table_association",
      "name": "a",
      "provider": "provider[\"registry.terraform.io/hashicorp/aws\"]",
      "instances": [
        {
          "schema_version": 0,
          "attributes": {
            "gateway_id": "",
            "id": "rtbassoc-08672f926c0abf4d7",
            "route_table_id": "rtb-0ed41ee17c43d9a38",
            "subnet_id": "subnet-0cf965a9c9eaa12a2"
          },
          "sensitive_attributes": [],
          "private": "bnVsbA==",
          "dependencies": [
            "aws_internet_gateway.wipro-igw",
            "aws_route_table.wipro-rt-public",
            "aws_subnet.wipro-publicsubnet",
            "aws_vpc.wipro-vpc"
          ]
        }
      ]
    },
    {
      "mode": "managed",
      "type": "aws_security_group",
      "name": "wipro-sg",
      "provider": "provider[\"registry.terraform.io/hashicorp/aws\"]",
      "instances": [
        {
          "schema_version": 1,
          "attributes": {
            "arn": "arn:aws:ec2:ap-south-1:959925711418:security-group/sg-08dbf708409ff38f2",
            "description": "Allow TLS inbound traffic",
            "egress": [
              {
                "cidr_blocks": [
                  "0.0.0.0/0"
                ],
                "description": "",
                "from_port": 0,
                "ipv6_cidr_blocks": [],
                "prefix_list_ids": [],
                "protocol": "-1",
                "security_groups": [],
                "self": false,
                "to_port": 0
              }
            ],
            "id": "sg-08dbf708409ff38f2",
            "ingress": [
              {
                "cidr_blocks": [
                  "0.0.0.0/0"
                ],
                "description": "TLS from VPC",
                "from_port": 22,
                "ipv6_cidr_blocks": [],
                "prefix_list_ids": [],
                "protocol": "tcp",
                "security_groups": [],
                "self": false,
                "to_port": 22
              }
            ],
            "name": "wipro-sg",
            "name_prefix": "",
            "owner_id": "959925711418",
            "revoke_rules_on_delete": false,
            "tags": {
              "Name": "wipro-sg"
            },
            "tags_all": {
              "Name": "wipro-sg"
            },
            "timeouts": null,
            "vpc_id": "vpc-04675ea94e0d0572f"
          },
          "sensitive_attributes": [],
          "private": "eyJlMmJmYjczMC1lY2FhLTExZTYtOGY4OC0zNDM2M2JjN2M0YzAiOnsiY3JlYXRlIjo2MDAwMDAwMDAwMDAsImRlbGV0ZSI6OTAwMDAwMDAwMDAwfSwic2NoZW1hX3ZlcnNpb24iOiIxIn0=",
          "dependencies": [
            "aws_vpc.wipro-vpc"
          ]
        }
      ]
    },
    {
      "mode": "managed",
      "type": "aws_subnet",
      "name": "wipro-publicsubnet",
      "provider": "provider[\"registry.terraform.io/hashicorp/aws\"]",
      "instances": [
        {
          "schema_version": 1,
          "attributes": {
            "arn": "arn:aws:ec2:ap-south-1:959925711418:subnet/subnet-0cf965a9c9eaa12a2",
            "assign_ipv6_address_on_creation": false,
            "availability_zone": "ap-south-1b",
            "availability_zone_id": "aps1-az3",
            "cidr_block": "10.0.1.0/24",
            "customer_owned_ipv4_pool": "",
            "enable_dns64": false,
            "enable_resource_name_dns_a_record_on_launch": false,
            "enable_resource_name_dns_aaaa_record_on_launch": false,
            "id": "subnet-0cf965a9c9eaa12a2",
            "ipv6_cidr_block": "",
            "ipv6_cidr_block_association_id": "",
            "ipv6_native": false,
            "map_customer_owned_ip_on_launch": false,
            "map_public_ip_on_launch": false,
            "outpost_arn": "",
            "owner_id": "959925711418",
            "private_dns_hostname_type_on_launch": "ip-name",
            "tags": {
              "Name": "wipro-publicsubnet"
            },
            "tags_all": {
              "Name": "wipro-publicsubnet"
            },
            "timeouts": null,
            "vpc_id": "vpc-04675ea94e0d0572f"
          },
          "sensitive_attributes": [],
          "private": "eyJlMmJmYjczMC1lY2FhLTExZTYtOGY4OC0zNDM2M2JjN2M0YzAiOnsiY3JlYXRlIjo2MDAwMDAwMDAwMDAsImRlbGV0ZSI6MTIwMDAwMDAwMDAwMH0sInNjaGVtYV92ZXJzaW9uIjoiMSJ9",
          "dependencies": [
            "aws_vpc.wipro-vpc"
          ]
        }
      ]
    },
    {
      "mode": "managed",
      "type": "aws_vpc",
      "name": "wipro-vpc",
      "provider": "provider[\"registry.terraform.io/hashicorp/aws\"]",
      "instances": [
        {
          "schema_version": 1,
          "attributes": {
            "arn": "arn:aws:ec2:ap-south-1:959925711418:vpc/vpc-04675ea94e0d0572f",
            "assign_generated_ipv6_cidr_block": false,
            "cidr_block": "10.0.0.0/16",
            "default_network_acl_id": "acl-031bed6625e882dc2",
            "default_route_table_id": "rtb-0957a8cc94898f327",
            "default_security_group_id": "sg-0f00f95888fc64327",
            "dhcp_options_id": "dopt-05ee8d8f0dc1b462b",
            "enable_classiclink": false,
            "enable_classiclink_dns_support": false,
            "enable_dns_hostnames": false,
            "enable_dns_support": true,
            "id": "vpc-04675ea94e0d0572f",
            "instance_tenancy": "default",
            "ipv4_ipam_pool_id": null,
            "ipv4_netmask_length": null,
            "ipv6_association_id": "",
            "ipv6_cidr_block": "",
            "ipv6_cidr_block_network_border_group": "",
            "ipv6_ipam_pool_id": "",
            "ipv6_netmask_length": 0,
            "main_route_table_id": "rtb-0957a8cc94898f327",
            "owner_id": "959925711418",
            "tags": {
              "Name": "wipro-vpc"
            },
            "tags_all": {
              "Name": "wipro-vpc"
            }
          },
          "sensitive_attributes": [],
          "private": "eyJzY2hlbWFfdmVyc2lvbiI6IjEifQ=="
        }
      ]
    }
  ]
}
